
Microsoft Visual Studio Solution File, Format Version 12.00
Project("{FAE04EC0-301F-11D3-BF4B-00C04F79EFBC}") = "Tiltan_CS_Adv_Assignment_Berzerkers", "Tiltan_CS_Adv_Assignment_Berzerkers\Tiltan_CS_Adv_Assignment_Berzerkers.csproj", "{733E84B7-B3B0-45E9-ABDD-5CBD539E9936}"
EndProject
Project("{FAE04EC0-301F-11D3-BF4B-00C04F79EFBC}") = "Generics", "Generics\Generics.csproj", "{D1B9222E-F05E-4469-9D7A-F6AEC5EBBEC1}"
EndProject
Project("{FAE04EC0-301F-11D3-BF4B-00C04F79EFBC}") = "Enumerables", "Enumerables\Enumerables.csproj", "{4475AAC0-BEE0-4EBA-8162-F033592658E2}"
EndProject
Project("{FAE04EC0-301F-11D3-BF4B-00C04F79EFBC}") = "Extensions", "Extensions\Extensions.csproj", "{DA969E30-A299-4A3B-BFE8-19938BD4337F}"
EndProject
Project("{FAE04EC0-301F-11D3-BF4B-00C04F79EFBC}") = "LINQ", "LINQ\LINQ.csproj", "{BB4ABF10-9EC9-46EF-8AE3-BA6F1F3B254F}"
EndProject
Global
	GlobalSection(SolutionConfigurationPlatforms) = preSolution
		Debug|Any CPU = Debug|Any CPU
		Release|Any CPU = Release|Any CPU
	EndGlobalSection
	GlobalSection(ProjectConfigurationPlatforms) = postSolution
		{733E84B7-B3B0-45E9-ABDD-5CBD539E9936}.Debug|Any CPU.ActiveCfg = Debug|Any CPU
		{733E84B7-B3B0-45E9-ABDD-5CBD539E9936}.Debug|Any CPU.Build.0 = Debug|Any CPU
		{733E84B7-B3B0-45E9-ABDD-5CBD539E9936}.Release|Any CPU.ActiveCfg = Release|Any CPU
		{733E84B7-B3B0-45E9-ABDD-5CBD539E9936}.Release|Any CPU.Build.0 = Release|Any CPU
		{D1B9222E-F05E-4469-9D7A-F6AEC5EBBEC1}.Debug|Any CPU.ActiveCfg = Debug|Any CPU
		{D1B9222E-F05E-4469-9D7A-F6AEC5EBBEC1}.Debug|Any CPU.Build.0 = Debug|Any CPU
		{D1B9222E-F05E-4469-9D7A-F6AEC5EBBEC1}.Release|Any CPU.ActiveCfg = Release|Any CPU
		{D1B9222E-F05E-4469-9D7A-F6AEC5EBBEC1}.Release|Any CPU.Build.0 = Release|Any CPU
		{4475AAC0-BEE0-4EBA-8162-F033592658E2}.Debug|Any CPU.ActiveCfg = Debug|Any CPU
		{4475AAC0-BEE0-4EBA-8162-F033592658E2}.Debug|Any CPU.Build.0 = Debug|Any CPU
		{4475AAC0-BEE0-4EBA-8162-F033592658E2}.Release|Any CPU.ActiveCfg = Release|Any CPU
		{4475AAC0-BEE0-4EBA-8162-F033592658E2}.Release|Any CPU.Build.0 = Release|Any CPU
		{DA969E30-A299-4A3B-BFE8-19938BD4337F}.Debug|Any CPU.ActiveCfg = Debug|Any CPU
		{DA969E30-A299-4A3B-BFE8-19938BD4337F}.Debug|Any CPU.Build.0 = Debug|Any CPU
		{DA969E30-A299-4A3B-BFE8-19938BD4337F}.Release|Any CPU.ActiveCfg = Release|Any CPU
		{DA969E30-A299-4A3B-BFE8-19938BD4337F}.Release|Any CPU.Build.0 = Release|Any CPU
		{BB4ABF10-9EC9-46EF-8AE3-BA6F1F3B254F}.Debug|Any CPU.ActiveCfg = Debug|Any CPU
		{BB4ABF10-9EC9-46EF-8AE3-BA6F1F3B254F}.Debug|Any CPU.Build.0 = Debug|Any CPU
		{BB4ABF10-9EC9-46EF-8AE3-BA6F1F3B254F}.Release|Any CPU.ActiveCfg = Release|Any CPU
		{BB4ABF10-9EC9-46EF-8AE3-BA6F1F3B254F}.Release|Any CPU.Build.0 = Release|Any CPU
	EndGlobalSection
EndGlobal
